
Microsoft Visual Studio Solution File, Format Version 12.00
# Visual Studio Version 17
VisualStudioVersion = 17.0.31903.59
MinimumVisualStudioVersion = 10.0.40219.1
Project("{2150E333-8FDC-42A3-9474-1A3956D46DE8}") = "src", "src", "{827E0CD3-B72D-47B6-A68D-7590B98EB39B}"
EndProject
Project("{FAE04EC0-301F-11D3-BF4B-00C04F79EFBC}") = "MotoRent.Domain", "src\MotoRent.Domain\MotoRent.Domain.csproj", "{ED41C169-B810-42E7-B901-FC031D4CC9E4}"
EndProject
Project("{FAE04EC0-301F-11D3-BF4B-00C04F79EFBC}") = "MotoRent.Services", "src\MotoRent.Services\MotoRent.Services.csproj", "{9FEE3CC8-0D56-4CAF-95F1-B11162B9E42B}"
EndProject
Project("{FAE04EC0-301F-11D3-BF4B-00C04F79EFBC}") = "MotoRent.Server", "src\MotoRent.Server\MotoRent.Server.csproj", "{75CAF22D-1C3D-4A4B-8FD4-96B13FCF97D7}"
EndProject
Project("{FAE04EC0-301F-11D3-BF4B-00C04F79EFBC}") = "MotoRent.Client", "src\MotoRent.Client\MotoRent.Client.csproj", "{9126BEB9-3F6F-4756-A78A-92E19D26BAF9}"
EndProject
Project("{FAE04EC0-301F-11D3-BF4B-00C04F79EFBC}") = "MotoRent.Messaging", "src\MotoRent.Messaging\MotoRent.Messaging.csproj", "{EE1C24BC-1C85-4B44-9AC9-C792DC767A4E}"
EndProject
Project("{FAE04EC0-301F-11D3-BF4B-00C04F79EFBC}") = "MotoRent.Worker", "src\MotoRent.Worker\MotoRent.Worker.csproj", "{26A05D2E-FB36-483E-8D14-E515DAFC17A8}"
EndProject
Project("{FAE04EC0-301F-11D3-BF4B-00C04F79EFBC}") = "MotoRent.Scheduler", "src\MotoRent.Scheduler\MotoRent.Scheduler.csproj", "{86E8396A-150F-4264-970C-A21022F8416B}"
EndProject
Project("{FAE04EC0-301F-11D3-BF4B-00C04F79EFBC}") = "MotoRent.Core.Repository", "src\MotoRent.Core.Repository\MotoRent.Core.Repository.csproj", "{C098B07D-79ED-4C97-942A-C7A5ACE2F515}"
EndProject
Project("{FAE04EC0-301F-11D3-BF4B-00C04F79EFBC}") = "MotoRent.SqlServerRepository", "src\MotoRent.SqlServerRepository\MotoRent.SqlServerRepository.csproj", "{1A6FE050-20E6-47F6-8339-B1DF7E48E986}"
EndProject
Project("{2150E333-8FDC-42A3-9474-1A3956D46DE8}") = "tests", "tests", "{0AB3BF05-4346-4AA6-1389-037BE0695223}"
EndProject
Project("{FAE04EC0-301F-11D3-BF4B-00C04F79EFBC}") = "MotoRent.LinqSql.Tests", "tests\MotoRent.LinqSql.Tests\MotoRent.LinqSql.Tests.csproj", "{6F242FF4-3E7E-479E-91FE-931E85502EE0}"
EndProject
Global
	GlobalSection(SolutionConfigurationPlatforms) = preSolution
		Debug|Any CPU = Debug|Any CPU
		Debug|x64 = Debug|x64
		Debug|x86 = Debug|x86
		Release|Any CPU = Release|Any CPU
		Release|x64 = Release|x64
		Release|x86 = Release|x86
	EndGlobalSection
	GlobalSection(ProjectConfigurationPlatforms) = postSolution
		{ED41C169-B810-42E7-B901-FC031D4CC9E4}.Debug|Any CPU.ActiveCfg = Debug|Any CPU
		{ED41C169-B810-42E7-B901-FC031D4CC9E4}.Debug|Any CPU.Build.0 = Debug|Any CPU
		{ED41C169-B810-42E7-B901-FC031D4CC9E4}.Debug|x64.ActiveCfg = Debug|Any CPU
		{ED41C169-B810-42E7-B901-FC031D4CC9E4}.Debug|x64.Build.0 = Debug|Any CPU
		{ED41C169-B810-42E7-B901-FC031D4CC9E4}.Debug|x86.ActiveCfg = Debug|Any CPU
		{ED41C169-B810-42E7-B901-FC031D4CC9E4}.Debug|x86.Build.0 = Debug|Any CPU
		{ED41C169-B810-42E7-B901-FC031D4CC9E4}.Release|Any CPU.ActiveCfg = Release|Any CPU
		{ED41C169-B810-42E7-B901-FC031D4CC9E4}.Release|Any CPU.Build.0 = Release|Any CPU
		{ED41C169-B810-42E7-B901-FC031D4CC9E4}.Release|x64.ActiveCfg = Release|Any CPU
		{ED41C169-B810-42E7-B901-FC031D4CC9E4}.Release|x64.Build.0 = Release|Any CPU
		{ED41C169-B810-42E7-B901-FC031D4CC9E4}.Release|x86.ActiveCfg = Release|Any CPU
		{ED41C169-B810-42E7-B901-FC031D4CC9E4}.Release|x86.Build.0 = Release|Any CPU
		{9FEE3CC8-0D56-4CAF-95F1-B11162B9E42B}.Debug|Any CPU.ActiveCfg = Debug|Any CPU
		{9FEE3CC8-0D56-4CAF-95F1-B11162B9E42B}.Debug|Any CPU.Build.0 = Debug|Any CPU
		{9FEE3CC8-0D56-4CAF-95F1-B11162B9E42B}.Debug|x64.ActiveCfg = Debug|Any CPU
		{9FEE3CC8-0D56-4CAF-95F1-B11162B9E42B}.Debug|x64.Build.0 = Debug|Any CPU
		{9FEE3CC8-0D56-4CAF-95F1-B11162B9E42B}.Debug|x86.ActiveCfg = Debug|Any CPU
		{9FEE3CC8-0D56-4CAF-95F1-B11162B9E42B}.Debug|x86.Build.0 = Debug|Any CPU
		{9FEE3CC8-0D56-4CAF-95F1-B11162B9E42B}.Release|Any CPU.ActiveCfg = Release|Any CPU
		{9FEE3CC8-0D56-4CAF-95F1-B11162B9E42B}.Release|Any CPU.Build.0 = Release|Any CPU
		{9FEE3CC8-0D56-4CAF-95F1-B11162B9E42B}.Release|x64.ActiveCfg = Release|Any CPU
		{9FEE3CC8-0D56-4CAF-95F1-B11162B9E42B}.Release|x64.Build.0 = Release|Any CPU
		{9FEE3CC8-0D56-4CAF-95F1-B11162B9E42B}.Release|x86.ActiveCfg = Release|Any CPU
		{9FEE3CC8-0D56-4CAF-95F1-B11162B9E42B}.Release|x86.Build.0 = Release|Any CPU
		{75CAF22D-1C3D-4A4B-8FD4-96B13FCF97D7}.Debug|Any CPU.ActiveCfg = Debug|Any CPU
		{75CAF22D-1C3D-4A4B-8FD4-96B13FCF97D7}.Debug|Any CPU.Build.0 = Debug|Any CPU
		{75CAF22D-1C3D-4A4B-8FD4-96B13FCF97D7}.Debug|x64.ActiveCfg = Debug|Any CPU
		{75CAF22D-1C3D-4A4B-8FD4-96B13FCF97D7}.Debug|x64.Build.0 = Debug|Any CPU
		{75CAF22D-1C3D-4A4B-8FD4-96B13FCF97D7}.Debug|x86.ActiveCfg = Debug|Any CPU
		{75CAF22D-1C3D-4A4B-8FD4-96B13FCF97D7}.Debug|x86.Build.0 = Debug|Any CPU
		{75CAF22D-1C3D-4A4B-8FD4-96B13FCF97D7}.Release|Any CPU.ActiveCfg = Release|Any CPU
		{75CAF22D-1C3D-4A4B-8FD4-96B13FCF97D7}.Release|Any CPU.Build.0 = Release|Any CPU
		{75CAF22D-1C3D-4A4B-8FD4-96B13FCF97D7}.Release|x64.ActiveCfg = Release|Any CPU
		{75CAF22D-1C3D-4A4B-8FD4-96B13FCF97D7}.Release|x64.Build.0 = Release|Any CPU
		{75CAF22D-1C3D-4A4B-8FD4-96B13FCF97D7}.Release|x86.ActiveCfg = Release|Any CPU
		{75CAF22D-1C3D-4A4B-8FD4-96B13FCF97D7}.Release|x86.Build.0 = Release|Any CPU
		{9126BEB9-3F6F-4756-A78A-92E19D26BAF9}.Debug|Any CPU.ActiveCfg = Debug|Any CPU
		{9126BEB9-3F6F-4756-A78A-92E19D26BAF9}.Debug|Any CPU.Build.0 = Debug|Any CPU
		{9126BEB9-3F6F-4756-A78A-92E19D26BAF9}.Debug|x64.ActiveCfg = Debug|Any CPU
		{9126BEB9-3F6F-4756-A78A-92E19D26BAF9}.Debug|x64.Build.0 = Debug|Any CPU
		{9126BEB9-3F6F-4756-A78A-92E19D26BAF9}.Debug|x86.ActiveCfg = Debug|Any CPU
		{9126BEB9-3F6F-4756-A78A-92E19D26BAF9}.Debug|x86.Build.0 = Debug|Any CPU
		{9126BEB9-3F6F-4756-A78A-92E19D26BAF9}.Release|Any CPU.ActiveCfg = Release|Any CPU
		{9126BEB9-3F6F-4756-A78A-92E19D26BAF9}.Release|Any CPU.Build.0 = Release|Any CPU
		{9126BEB9-3F6F-4756-A78A-92E19D26BAF9}.Release|x64.ActiveCfg = Release|Any CPU
		{9126BEB9-3F6F-4756-A78A-92E19D26BAF9}.Release|x64.Build.0 = Release|Any CPU
		{9126BEB9-3F6F-4756-A78A-92E19D26BAF9}.Release|x86.ActiveCfg = Release|Any CPU
		{9126BEB9-3F6F-4756-A78A-92E19D26BAF9}.Release|x86.Build.0 = Release|Any CPU
		{EE1C24BC-1C85-4B44-9AC9-C792DC767A4E}.Debug|Any CPU.ActiveCfg = Debug|Any CPU
		{EE1C24BC-1C85-4B44-9AC9-C792DC767A4E}.Debug|Any CPU.Build.0 = Debug|Any CPU
		{EE1C24BC-1C85-4B44-9AC9-C792DC767A4E}.Debug|x64.ActiveCfg = Debug|Any CPU
		{EE1C24BC-1C85-4B44-9AC9-C792DC767A4E}.Debug|x64.Build.0 = Debug|Any CPU
		{EE1C24BC-1C85-4B44-9AC9-C792DC767A4E}.Debug|x86.ActiveCfg = Debug|Any CPU
		{EE1C24BC-1C85-4B44-9AC9-C792DC767A4E}.Debug|x86.Build.0 = Debug|Any CPU
		{EE1C24BC-1C85-4B44-9AC9-C792DC767A4E}.Release|Any CPU.ActiveCfg = Release|Any CPU
		{EE1C24BC-1C85-4B44-9AC9-C792DC767A4E}.Release|Any CPU.Build.0 = Release|Any CPU
		{EE1C24BC-1C85-4B44-9AC9-C792DC767A4E}.Release|x64.ActiveCfg = Release|Any CPU
		{EE1C24BC-1C85-4B44-9AC9-C792DC767A4E}.Release|x64.Build.0 = Release|Any CPU
		{EE1C24BC-1C85-4B44-9AC9-C792DC767A4E}.Release|x86.ActiveCfg = Release|Any CPU
		{EE1C24BC-1C85-4B44-9AC9-C792DC767A4E}.Release|x86.Build.0 = Release|Any CPU
		{26A05D2E-FB36-483E-8D14-E515DAFC17A8}.Debug|Any CPU.ActiveCfg = Debug|Any CPU
		{26A05D2E-FB36-483E-8D14-E515DAFC17A8}.Debug|Any CPU.Build.0 = Debug|Any CPU
		{26A05D2E-FB36-483E-8D14-E515DAFC17A8}.Debug|x64.ActiveCfg = Debug|Any CPU
		{26A05D2E-FB36-483E-8D14-E515DAFC17A8}.Debug|x64.Build.0 = Debug|Any CPU
		{26A05D2E-FB36-483E-8D14-E515DAFC17A8}.Debug|x86.ActiveCfg = Debug|Any CPU
		{26A05D2E-FB36-483E-8D14-E515DAFC17A8}.Debug|x86.Build.0 = Debug|Any CPU
		{26A05D2E-FB36-483E-8D14-E515DAFC17A8}.Release|Any CPU.ActiveCfg = Release|Any CPU
		{26A05D2E-FB36-483E-8D14-E515DAFC17A8}.Release|Any CPU.Build.0 = Release|Any CPU
		{26A05D2E-FB36-483E-8D14-E515DAFC17A8}.Release|x64.ActiveCfg = Release|Any CPU
		{26A05D2E-FB36-483E-8D14-E515DAFC17A8}.Release|x64.Build.0 = Release|Any CPU
		{26A05D2E-FB36-483E-8D14-E515DAFC17A8}.Release|x86.ActiveCfg = Release|Any CPU
		{26A05D2E-FB36-483E-8D14-E515DAFC17A8}.Release|x86.Build.0 = Release|Any CPU
		{86E8396A-150F-4264-970C-A21022F8416B}.Debug|Any CPU.ActiveCfg = Debug|Any CPU
		{86E8396A-150F-4264-970C-A21022F8416B}.Debug|Any CPU.Build.0 = Debug|Any CPU
		{86E8396A-150F-4264-970C-A21022F8416B}.Debug|x64.ActiveCfg = Debug|Any CPU
		{86E8396A-150F-4264-970C-A21022F8416B}.Debug|x64.Build.0 = Debug|Any CPU
		{86E8396A-150F-4264-970C-A21022F8416B}.Debug|x86.ActiveCfg = Debug|Any CPU
		{86E8396A-150F-4264-970C-A21022F8416B}.Debug|x86.Build.0 = Debug|Any CPU
		{86E8396A-150F-4264-970C-A21022F8416B}.Release|Any CPU.ActiveCfg = Release|Any CPU
		{86E8396A-150F-4264-970C-A21022F8416B}.Release|Any CPU.Build.0 = Release|Any CPU
		{86E8396A-150F-4264-970C-A21022F8416B}.Release|x64.ActiveCfg = Release|Any CPU
		{86E8396A-150F-4264-970C-A21022F8416B}.Release|x64.Build.0 = Release|Any CPU
		{86E8396A-150F-4264-970C-A21022F8416B}.Release|x86.ActiveCfg = Release|Any CPU
		{86E8396A-150F-4264-970C-A21022F8416B}.Release|x86.Build.0 = Release|Any CPU
		{C098B07D-79ED-4C97-942A-C7A5ACE2F515}.Debug|Any CPU.ActiveCfg = Debug|Any CPU
		{C098B07D-79ED-4C97-942A-C7A5ACE2F515}.Debug|Any CPU.Build.0 = Debug|Any CPU
		{C098B07D-79ED-4C97-942A-C7A5ACE2F515}.Debug|x64.ActiveCfg = Debug|Any CPU
		{C098B07D-79ED-4C97-942A-C7A5ACE2F515}.Debug|x64.Build.0 = Debug|Any CPU
		{C098B07D-79ED-4C97-942A-C7A5ACE2F515}.Debug|x86.ActiveCfg = Debug|Any CPU
		{C098B07D-79ED-4C97-942A-C7A5ACE2F515}.Debug|x86.Build.0 = Debug|Any CPU
		{C098B07D-79ED-4C97-942A-C7A5ACE2F515}.Release|Any CPU.ActiveCfg = Release|Any CPU
		{C098B07D-79ED-4C97-942A-C7A5ACE2F515}.Release|Any CPU.Build.0 = Release|Any CPU
		{C098B07D-79ED-4C97-942A-C7A5ACE2F515}.Release|x64.ActiveCfg = Release|Any CPU
		{C098B07D-79ED-4C97-942A-C7A5ACE2F515}.Release|x64.Build.0 = Release|Any CPU
		{C098B07D-79ED-4C97-942A-C7A5ACE2F515}.Release|x86.ActiveCfg = Release|Any CPU
		{C098B07D-79ED-4C97-942A-C7A5ACE2F515}.Release|x86.Build.0 = Release|Any CPU
		{1A6FE050-20E6-47F6-8339-B1DF7E48E986}.Debug|Any CPU.ActiveCfg = Debug|Any CPU
		{1A6FE050-20E6-47F6-8339-B1DF7E48E986}.Debug|Any CPU.Build.0 = Debug|Any CPU
		{1A6FE050-20E6-47F6-8339-B1DF7E48E986}.Debug|x64.ActiveCfg = Debug|Any CPU
		{1A6FE050-20E6-47F6-8339-B1DF7E48E986}.Debug|x64.Build.0 = Debug|Any CPU
		{1A6FE050-20E6-47F6-8339-B1DF7E48E986}.Debug|x86.ActiveCfg = Debug|Any CPU
		{1A6FE050-20E6-47F6-8339-B1DF7E48E986}.Debug|x86.Build.0 = Debug|Any CPU
		{1A6FE050-20E6-47F6-8339-B1DF7E48E986}.Release|Any CPU.ActiveCfg = Release|Any CPU
		{1A6FE050-20E6-47F6-8339-B1DF7E48E986}.Release|Any CPU.Build.0 = Release|Any CPU
		{1A6FE050-20E6-47F6-8339-B1DF7E48E986}.Release|x64.ActiveCfg = Release|Any CPU
		{1A6FE050-20E6-47F6-8339-B1DF7E48E986}.Release|x64.Build.0 = Release|Any CPU
		{1A6FE050-20E6-47F6-8339-B1DF7E48E986}.Release|x86.ActiveCfg = Release|Any CPU
		{1A6FE050-20E6-47F6-8339-B1DF7E48E986}.Release|x86.Build.0 = Release|Any CPU
		{6F242FF4-3E7E-479E-91FE-931E85502EE0}.Debug|Any CPU.ActiveCfg = Debug|Any CPU
		{6F242FF4-3E7E-479E-91FE-931E85502EE0}.Debug|Any CPU.Build.0 = Debug|Any CPU
		{6F242FF4-3E7E-479E-91FE-931E85502EE0}.Debug|x64.ActiveCfg = Debug|Any CPU
		{6F242FF4-3E7E-479E-91FE-931E85502EE0}.Debug|x64.Build.0 = Debug|Any CPU
		{6F242FF4-3E7E-479E-91FE-931E85502EE0}.Debug|x86.ActiveCfg = Debug|Any CPU
		{6F242FF4-3E7E-479E-91FE-931E85502EE0}.Debug|x86.Build.0 = Debug|Any CPU
		{6F242FF4-3E7E-479E-91FE-931E85502EE0}.Release|Any CPU.ActiveCfg = Release|Any CPU
		{6F242FF4-3E7E-479E-91FE-931E85502EE0}.Release|Any CPU.Build.0 = Release|Any CPU
		{6F242FF4-3E7E-479E-91FE-931E85502EE0}.Release|x64.ActiveCfg = Release|Any CPU
		{6F242FF4-3E7E-479E-91FE-931E85502EE0}.Release|x64.Build.0 = Release|Any CPU
		{6F242FF4-3E7E-479E-91FE-931E85502EE0}.Release|x86.ActiveCfg = Release|Any CPU
		{6F242FF4-3E7E-479E-91FE-931E85502EE0}.Release|x86.Build.0 = Release|Any CPU
	EndGlobalSection
	GlobalSection(SolutionProperties) = preSolution
		HideSolutionNode = FALSE
	EndGlobalSection
	GlobalSection(NestedProjects) = preSolution
		{ED41C169-B810-42E7-B901-FC031D4CC9E4} = {827E0CD3-B72D-47B6-A68D-7590B98EB39B}
		{9FEE3CC8-0D56-4CAF-95F1-B11162B9E42B} = {827E0CD3-B72D-47B6-A68D-7590B98EB39B}
		{75CAF22D-1C3D-4A4B-8FD4-96B13FCF97D7} = {827E0CD3-B72D-47B6-A68D-7590B98EB39B}
		{9126BEB9-3F6F-4756-A78A-92E19D26BAF9} = {827E0CD3-B72D-47B6-A68D-7590B98EB39B}
		{EE1C24BC-1C85-4B44-9AC9-C792DC767A4E} = {827E0CD3-B72D-47B6-A68D-7590B98EB39B}
		{26A05D2E-FB36-483E-8D14-E515DAFC17A8} = {827E0CD3-B72D-47B6-A68D-7590B98EB39B}
		{86E8396A-150F-4264-970C-A21022F8416B} = {827E0CD3-B72D-47B6-A68D-7590B98EB39B}
		{C098B07D-79ED-4C97-942A-C7A5ACE2F515} = {827E0CD3-B72D-47B6-A68D-7590B98EB39B}
		{1A6FE050-20E6-47F6-8339-B1DF7E48E986} = {827E0CD3-B72D-47B6-A68D-7590B98EB39B}
		{6F242FF4-3E7E-479E-91FE-931E85502EE0} = {0AB3BF05-4346-4AA6-1389-037BE0695223}
	EndGlobalSection
EndGlobal
